{
  "version": 4,
  "terraform_version": "1.7.5",
  "serial": 829,
  "lineage": "349fa52b-b793-6237-4def-0079824f18d3",
  "outputs": {
    "database_host": {
      "value": "terraform-20240410183535672800000002.clef4o89czce.us-east-1.rds.amazonaws.com:3306",
      "type": "string"
    },
    "public_ip": {
      "value": "54.205.221.115",
      "type": "string"
    }
  },
  "resources": [
    {
      "mode": "managed",
      "type": "aws_key_pair",
      "name": "ssh_key",
      "provider": "provider[\"registry.terraform.io/hashicorp/aws\"]",
      "instances": [
        {
          "schema_version": 1,
          "attributes": {
            "arn": "arn:aws:ec2:us-east-1:320123189943:key-pair/wordpress-key-pair",
            "fingerprint": "ca:9c:e9:6e:b4:e6:84:d9:f3:f5:b4:7e:76:dc:a3:23",
            "id": "wordpress-key-pair",
            "key_name": "wordpress-key-pair",
            "key_name_prefix": "",
            "key_pair_id": "key-0ca188030c326c690",
            "key_type": "rsa",
            "public_key": "ssh-rsa AAAAB3NzaC1yc2EAAAADAQABAAACAQC5r3ZnAidzzio+27X3oTTTnlgH5P13HyVAGxds6l3I9Ds53PAoxz9KcCi+jYJ1p6UciA7rWUzdZTQ1D2NThYACoF8zFiX19UJ8edk8Oe78qS9M2IoaAxfY5ziyUjHyicc+jpjN3GybW2du6+k5uEa594voJYI2I+lVF021dQQwoHy4mPIOUAyUZtbLM0FXl0yDAGv4zwfeYFOEL6Z8p3i+vq0Q7yhsaCTfrTg0X8LHaQW2Rf1NpKM7GeqxK+c1W128ABSfNtMAoDEsW+XNKTHnJ2POdexe7r9fBcNCcaLpHA0Nvsph/NCe+ivYUK5wzb0tZ+SmrM6I1A8fhwLYfR6o2PFQHE3gYMv6dVuYEQ5z3iPeRPgCocVBTngcCKlHkTQHoEKKPmfbGA0sIJqHIAWKtD6yooLugZck9he7ZJc9EJjZ57erVF5qeOclKAvv4XdwaRILrUNCN8gnhdmRHzS3WQIbTG18fOiDKWr30/uiwCHC3BpEzOkfxL0Yasym2icpCUrK5oSYrS/9QMQgZHDS952iah3nAoF4naD1Dqpg9o+dIISkvNrTVwbSBOo2E5UwIjuxFiDfMjJYkg2NEePxXTJatxiQE+qdt2OjoecW9Vkml/7mCt8gyq3Mij42EikFyLLZYzfVPvLZawYZ5jtGt+EFbFhxvsL6sNiDnfqd6w==",
            "tags": null,
            "tags_all": {}
          },
          "sensitive_attributes": [],
          "private": "eyJzY2hlbWFfdmVyc2lvbiI6IjEifQ==",
          "dependencies": [
            "tls_private_key.pv_key"
          ]
        }
      ]
    },
    {
      "mode": "managed",
      "type": "tls_private_key",
      "name": "pv_key",
      "provider": "provider[\"registry.terraform.io/hashicorp/tls\"]",
      "instances": [
        {
          "schema_version": 1,
          "attributes": {
            "algorithm": "RSA",
            "ecdsa_curve": "P224",
            "id": "2d85ba9cf7ba66cfe3aa57096852883b24d52d69",
            "private_key_openssh": "-----BEGIN OPENSSH PRIVATE KEY-----\nb3BlbnNzaC1rZXktdjEAAAAABG5vbmUAAAAEbm9uZQAAAAAAAAABAAACFwAAAAdz\nc2gtcnNhAAAAAwEAAQAAAgEAua92ZwInc84qPtu196E0055YB+T9dx8lQBsXbOpd\nyPQ7OdzwKMc/SnAovo2CdaelHIgO61lM3WU0NQ9jU4WAAqBfMxYl9fVCfHnZPDnu\n/KkvTNiKGgMX2Oc4slIx8onHPo6Yzdxsm1tnbuvpObhGufeL6CWCNiPpVRdNtXUE\nMKB8uJjyDlAMlGbWyzNBV5dMgwBr+M8H3mBThC+mfKd4vr6tEO8obGgk3604NF/C\nx2kFtkX9TaSjOxnqsSvnNVtdvAAUnzbTAKAxLFvlzSkx5ydjznXsXu6/XwXDQnGi\n6RwNDb7KYfzQnvor2FCucM29LWfkpqzOiNQPH4cC2H0eqNjxUBxN4GDL+nVbmBEO\nc94j3kT4AqHFQU54HAipR5E0B6BCij5n2xgNLCCahyAFirQ+sqKC7oGXJPYXu2SX\nPRCY2ee3q1ReanjnJSgL7+F3cGkSC61DQjfIJ4XZkR80t1kCG0xtfHzogylq99P7\nosAhwtwaRMzpH8S9GGrMptonKQlKyuaEmK0v/UDEIGRw0vedomod5wKBeJ2g9Q6q\nYPaPnSCEpLza01cG0gTqNhOVMCI7sRYg3zIyWJINjRHj8V0yWrcYkBPqnbdjo6Hn\nFvVZJpf+5grfIMqtzIo+NhIpBciy2WM31T7y2WsGGeY7RrfhBWxYcb7C+rDYg536\nnesAAAc4ql0UMqpdFDIAAAAHc3NoLXJzYQAAAgEAua92ZwInc84qPtu196E0055Y\nB+T9dx8lQBsXbOpdyPQ7OdzwKMc/SnAovo2CdaelHIgO61lM3WU0NQ9jU4WAAqBf\nMxYl9fVCfHnZPDnu/KkvTNiKGgMX2Oc4slIx8onHPo6Yzdxsm1tnbuvpObhGufeL\n6CWCNiPpVRdNtXUEMKB8uJjyDlAMlGbWyzNBV5dMgwBr+M8H3mBThC+mfKd4vr6t\nEO8obGgk3604NF/Cx2kFtkX9TaSjOxnqsSvnNVtdvAAUnzbTAKAxLFvlzSkx5ydj\nznXsXu6/XwXDQnGi6RwNDb7KYfzQnvor2FCucM29LWfkpqzOiNQPH4cC2H0eqNjx\nUBxN4GDL+nVbmBEOc94j3kT4AqHFQU54HAipR5E0B6BCij5n2xgNLCCahyAFirQ+\nsqKC7oGXJPYXu2SXPRCY2ee3q1ReanjnJSgL7+F3cGkSC61DQjfIJ4XZkR80t1kC\nG0xtfHzogylq99P7osAhwtwaRMzpH8S9GGrMptonKQlKyuaEmK0v/UDEIGRw0ved\nomod5wKBeJ2g9Q6qYPaPnSCEpLza01cG0gTqNhOVMCI7sRYg3zIyWJINjRHj8V0y\nWrcYkBPqnbdjo6HnFvVZJpf+5grfIMqtzIo+NhIpBciy2WM31T7y2WsGGeY7Rrfh\nBWxYcb7C+rDYg536nesAAAADAQABAAACAQCM7Yrjq1LeJb8SbhaxlvxNEISnmTh2\nTIEtImKpG0eK2TKKPBFaIb77dBy4YxZ8zXwXJ3yLSv93mPQCwWcVYOFDHQyj7U9q\nWXbYmnIxr5ae1Jk9ratDCs3ypar2TEP0XHWIGRoIRB952emq2gns8NtdEXByBOXK\nyX6yQjmMWv+PGH8Qa6RrEH47s8GZ/5C8NeywEIXiFN9X+6vnS3MEcObHflhD3f/E\nJ1a1HPbnaTafuinHqV8Sqr3ogUcKqNOWP33ozfbYz/ddJjer/yNujrF9SvwJGp8H\nfhRovirwJucKHWwa3o8jx4le32ifiLyciMnnyE5V4hnu52OC/ik+vdeh66br+wYx\nOkLwYGORj6l47Vi6q49uTfPFTQ/ChlDpBH1NWwccAM4h9gWM8sDdCClbSLZeHvNB\ndCAZS/76poCH6I+KPseBPSJvjlZKL3Gf+otVVQZYP8gKtoaVSPvonv2QfcVAlldV\nCUo0hn8QfX+gpIVz5IAsptvD4E+etlLL6VmojDkUj9vin4zRmi5qJF+Ss3WmA/oa\nMl1TCenP2/XB6uEF4kyOvD4sKYCFIo4x8Ep2izDC8YmWadsgcUw06//8x4V6aUHr\niJFjk9ax1C2FKXxUM3UrR0LfFNjPR5/bYwX9TLc/8BS93hrF1tdmHO6kzohGfQ0t\nt38fXDy+wFDxoQAAAQAi853IqYRnKtkGbrteWJ1iG1b7rdBfMSpp3AVBajDpaoW0\nWXUSZt6iiNGusPxWvnkFLCJeMuYyv7owkBUS8WYacabsgvW15lEB28mPG1ZvPkRj\nKZlWqUvCs0VTdhnYnqpLRnxzEwxE0dBH9Mn+91BMfsadAdfP5u7NjQJeXp9ybZTL\nCP3Du6/H71SXl0WG3hdwJdwNO+ybNxc0NySlDO/S5HBtlROHkfn6zcz8yVThwZDZ\nKk6/inbiTOOUsZua+YGt26ccf5mo5JOGazZHNsqcz49YMWBsy2ysG/+k7Pu1qAeC\nmY7D13l+z2gwFIX8rHQLbsJr9J8qEoAtW0Psp5l8AAABAQDRDmyIFnr/KEc4Lqdz\nOD1CIxa6p5OKlscg/eTglE2Zi0VhErFw6JuNA/nYzrfZrDViWb6MBY9GCHq4ofDe\npD8inEiVy3Z+uMa6U0feRGxH6jXuo1xvNyigdJUU66mgW8KLR/iFqepoiWgSdFy1\nozzAfLAqeLSmir0h+hSYtYiOQ/zbvJ2LW2f+yfI0ivB1Mi3Y69srtV3VlctyrqOJ\nP0XW3ooEy+8xdL/GriC2ISWlexxkodTyKTW3TYC1M4Ka2w4q2kVjzN+7sQBzJ6hE\ny+uEN2hnd4dDCzn3f12/3wi9qfINLyn90j/nDX5rnuSHRFOrRFJlgOB4gVZoIeBF\n2a8lAAABAQDjYZAhL3K4L8LJIGm2q3NzQLPBMD8tZ6a+jIT8S9Li0CxpnUrqzVIX\nXBsTyK55bwjuaMH+JhSwq0YQIEJFP5A3Mm31yV981g6LzOiPnJKLjlc8jKHUSkKR\nFPfAkxDhkl2tcAfpk7rBotPv7q9k1bNnuOApxtxjgpV2/w1Clz2bzFozb1VvK1GF\nP3pI5LJBv7B9KqhqpjlbaJyuc8gC2NNFjoaQYDM5b9+vp+XkUAfFTnonF7fasgQr\nPBRN2chMEJqG4ivap2EnbdKE2GoQ6rNsrWWVgFC87RaRWDQIZ69CvkcVT/JOtNVg\nAQEQq1jCJjAQME2g8BfOrrfDPz0FaVPPAAAAAAEC\n-----END OPENSSH PRIVATE KEY-----\n",
            "private_key_pem": "-----BEGIN RSA PRIVATE KEY-----\nMIIJKQIBAAKCAgEAua92ZwInc84qPtu196E0055YB+T9dx8lQBsXbOpdyPQ7Odzw\nKMc/SnAovo2CdaelHIgO61lM3WU0NQ9jU4WAAqBfMxYl9fVCfHnZPDnu/KkvTNiK\nGgMX2Oc4slIx8onHPo6Yzdxsm1tnbuvpObhGufeL6CWCNiPpVRdNtXUEMKB8uJjy\nDlAMlGbWyzNBV5dMgwBr+M8H3mBThC+mfKd4vr6tEO8obGgk3604NF/Cx2kFtkX9\nTaSjOxnqsSvnNVtdvAAUnzbTAKAxLFvlzSkx5ydjznXsXu6/XwXDQnGi6RwNDb7K\nYfzQnvor2FCucM29LWfkpqzOiNQPH4cC2H0eqNjxUBxN4GDL+nVbmBEOc94j3kT4\nAqHFQU54HAipR5E0B6BCij5n2xgNLCCahyAFirQ+sqKC7oGXJPYXu2SXPRCY2ee3\nq1ReanjnJSgL7+F3cGkSC61DQjfIJ4XZkR80t1kCG0xtfHzogylq99P7osAhwtwa\nRMzpH8S9GGrMptonKQlKyuaEmK0v/UDEIGRw0vedomod5wKBeJ2g9Q6qYPaPnSCE\npLza01cG0gTqNhOVMCI7sRYg3zIyWJINjRHj8V0yWrcYkBPqnbdjo6HnFvVZJpf+\n5grfIMqtzIo+NhIpBciy2WM31T7y2WsGGeY7RrfhBWxYcb7C+rDYg536nesCAwEA\nAQKCAgEAjO2K46tS3iW/Em4WsZb8TRCEp5k4dkyBLSJiqRtHitkyijwRWiG++3Qc\nuGMWfM18Fyd8i0r/d5j0AsFnFWDhQx0Mo+1Pall22JpyMa+WntSZPa2rQwrN8qWq\n9kxD9Fx1iBkaCEQfednpqtoJ7PDbXRFwcgTlysl+skI5jFr/jxh/EGukaxB+O7PB\nmf+QvDXssBCF4hTfV/ur50tzBHDmx35YQ93/xCdWtRz252k2n7opx6lfEqq96IFH\nCqjTlj996M322M/3XSY3q/8jbo6xfUr8CRqfB34UaL4q8CbnCh1sGt6PI8eJXt9o\nn4i8nIjJ58hOVeIZ7udjgv4pPr3Xoeum6/sGMTpC8GBjkY+peO1YuquPbk3zxU0P\nwoZQ6QR9TVsHHADOIfYFjPLA3QgpW0i2Xh7zQXQgGUv++qaAh+iPij7HgT0ib45W\nSi9xn/qLVVUGWD/ICraGlUj76J79kH3FQJZXVQlKNIZ/EH1/oKSFc+SALKbbw+BP\nnrZSy+lZqIw5FI/b4p+M0ZouaiRfkrN1pgP6GjJdUwnpz9v1werhBeJMjrw+LCmA\nhSKOMfBKdoswwvGJlmnbIHFMNOv//MeFemlB64iRY5PWsdQthSl8VDN1K0dC3xTY\nz0ef22MF/Uy3P/AUvd4axdbXZhzupM6IRn0NLbd/H1w8vsBQ8aECggEBANEObIgW\nev8oRzgup3M4PUIjFrqnk4qWxyD95OCUTZmLRWESsXDom40D+djOt9msNWJZvowF\nj0YIerih8N6kPyKcSJXLdn64xrpTR95EbEfqNe6jXG83KKB0lRTrqaBbwotH+IWp\n6miJaBJ0XLWjPMB8sCp4tKaKvSH6FJi1iI5D/Nu8nYtbZ/7J8jSK8HUyLdjr2yu1\nXdWVy3Kuo4k/RdbeigTL7zF0v8auILYhJaV7HGSh1PIpNbdNgLUzgprbDiraRWPM\n37uxAHMnqETL64Q3aGd3h0MLOfd/Xb/fCL2p8g0vKf3SP+cNfmue5IdEU6tEUmWA\n4HiBVmgh4EXZryUCggEBAONhkCEvcrgvwskgabarc3NAs8EwPy1npr6MhPxL0uLQ\nLGmdSurNUhdcGxPIrnlvCO5owf4mFLCrRhAgQkU/kDcybfXJX3zWDovM6I+ckouO\nVzyModRKQpEU98CTEOGSXa1wB+mTusGi0+/ur2TVs2e44CnG3GOClXb/DUKXPZvM\nWjNvVW8rUYU/ekjkskG/sH0qqGqmOVtonK5zyALY00WOhpBgMzlv36+n5eRQB8VO\neicXt9qyBCs8FE3ZyEwQmobiK9qnYSdt0oTYahDqs2ytZZWAULztFpFYNAhnr0K+\nRxVP8k601WABARCrWMImMBAwTaDwF86ut8M/PQVpU88CggEAItVscCCOzgVAGLRt\nYl10l5iRKPjTNLx64Zxsjp8nbvYt0Ub0GgQoJw8Kin2nVLXFD2Y0wdALV3gCOtGA\n+RgVDQdNcOg+Dk9rjZBi4T41bKYx5lmCBWYDdvj1/k5mLToc6GhNmLf/PvvmQ2zw\nJbPVY51jHTCPqVBkw0yQMgHNhyb88wAyoA3S/jlYCjk8Z8q8qPBjzJyjzfrvs2Q2\nC6BnWq4qATKZ4Hu7mLda6/4J79Dbokj02oTTVn+reoXitTra2XkVJtP0U6nikU2C\nVDRGQfmZg+P+vcUZG4w1assXAcNXearqLEjkLPOqpPQM0B0qc9cmg5M909Z5N1Ct\ntfXXoQKCAQEAjSkOf2ujfrE37gEPX/ZEsDJk5fR75EZLAFTgYnj4LRMr301lKyvY\nYOQvczLNDlpeYxPqC0u84IkT8AL24WK6t2m5VjNz8l45nZTSdAWx/K2bft2XweFw\nPf2UaZtjiYaCXaAFaX7rHDdn97ZocOMyg5wEnir0u1pgTAW/R63483YEMZZWpbNw\n4pYr5oEEIUlN2gbXk44qYZMqYitC6nGNh8sZwxvV8TyA094aHImKqXU05HwXCdAm\nQmkD+ejQLljIdiCHNTFgYUgOv6ZTArmSNk/Xlt6YQRG3RvhJJUapSXgzTQna1f3x\n0a4N6TlW2wE2KXazWsxzGz7gmnfx/CANhQKCAQAi853IqYRnKtkGbrteWJ1iG1b7\nrdBfMSpp3AVBajDpaoW0WXUSZt6iiNGusPxWvnkFLCJeMuYyv7owkBUS8WYacabs\ngvW15lEB28mPG1ZvPkRjKZlWqUvCs0VTdhnYnqpLRnxzEwxE0dBH9Mn+91BMfsad\nAdfP5u7NjQJeXp9ybZTLCP3Du6/H71SXl0WG3hdwJdwNO+ybNxc0NySlDO/S5HBt\nlROHkfn6zcz8yVThwZDZKk6/inbiTOOUsZua+YGt26ccf5mo5JOGazZHNsqcz49Y\nMWBsy2ysG/+k7Pu1qAeCmY7D13l+z2gwFIX8rHQLbsJr9J8qEoAtW0Psp5l8\n-----END RSA PRIVATE KEY-----\n",
            "private_key_pem_pkcs8": "-----BEGIN PRIVATE KEY-----\nMIIJQwIBADANBgkqhkiG9w0BAQEFAASCCS0wggkpAgEAAoICAQC5r3ZnAidzzio+\n27X3oTTTnlgH5P13HyVAGxds6l3I9Ds53PAoxz9KcCi+jYJ1p6UciA7rWUzdZTQ1\nD2NThYACoF8zFiX19UJ8edk8Oe78qS9M2IoaAxfY5ziyUjHyicc+jpjN3GybW2du\n6+k5uEa594voJYI2I+lVF021dQQwoHy4mPIOUAyUZtbLM0FXl0yDAGv4zwfeYFOE\nL6Z8p3i+vq0Q7yhsaCTfrTg0X8LHaQW2Rf1NpKM7GeqxK+c1W128ABSfNtMAoDEs\nW+XNKTHnJ2POdexe7r9fBcNCcaLpHA0Nvsph/NCe+ivYUK5wzb0tZ+SmrM6I1A8f\nhwLYfR6o2PFQHE3gYMv6dVuYEQ5z3iPeRPgCocVBTngcCKlHkTQHoEKKPmfbGA0s\nIJqHIAWKtD6yooLugZck9he7ZJc9EJjZ57erVF5qeOclKAvv4XdwaRILrUNCN8gn\nhdmRHzS3WQIbTG18fOiDKWr30/uiwCHC3BpEzOkfxL0Yasym2icpCUrK5oSYrS/9\nQMQgZHDS952iah3nAoF4naD1Dqpg9o+dIISkvNrTVwbSBOo2E5UwIjuxFiDfMjJY\nkg2NEePxXTJatxiQE+qdt2OjoecW9Vkml/7mCt8gyq3Mij42EikFyLLZYzfVPvLZ\nawYZ5jtGt+EFbFhxvsL6sNiDnfqd6wIDAQABAoICAQCM7Yrjq1LeJb8SbhaxlvxN\nEISnmTh2TIEtImKpG0eK2TKKPBFaIb77dBy4YxZ8zXwXJ3yLSv93mPQCwWcVYOFD\nHQyj7U9qWXbYmnIxr5ae1Jk9ratDCs3ypar2TEP0XHWIGRoIRB952emq2gns8Ntd\nEXByBOXKyX6yQjmMWv+PGH8Qa6RrEH47s8GZ/5C8NeywEIXiFN9X+6vnS3MEcObH\nflhD3f/EJ1a1HPbnaTafuinHqV8Sqr3ogUcKqNOWP33ozfbYz/ddJjer/yNujrF9\nSvwJGp8HfhRovirwJucKHWwa3o8jx4le32ifiLyciMnnyE5V4hnu52OC/ik+vdeh\n66br+wYxOkLwYGORj6l47Vi6q49uTfPFTQ/ChlDpBH1NWwccAM4h9gWM8sDdCClb\nSLZeHvNBdCAZS/76poCH6I+KPseBPSJvjlZKL3Gf+otVVQZYP8gKtoaVSPvonv2Q\nfcVAlldVCUo0hn8QfX+gpIVz5IAsptvD4E+etlLL6VmojDkUj9vin4zRmi5qJF+S\ns3WmA/oaMl1TCenP2/XB6uEF4kyOvD4sKYCFIo4x8Ep2izDC8YmWadsgcUw06//8\nx4V6aUHriJFjk9ax1C2FKXxUM3UrR0LfFNjPR5/bYwX9TLc/8BS93hrF1tdmHO6k\nzohGfQ0tt38fXDy+wFDxoQKCAQEA0Q5siBZ6/yhHOC6nczg9QiMWuqeTipbHIP3k\n4JRNmYtFYRKxcOibjQP52M632aw1Ylm+jAWPRgh6uKHw3qQ/IpxIlct2frjGulNH\n3kRsR+o17qNcbzcooHSVFOupoFvCi0f4hanqaIloEnRctaM8wHywKni0poq9IfoU\nmLWIjkP827ydi1tn/snyNIrwdTIt2OvbK7Vd1ZXLcq6jiT9F1t6KBMvvMXS/xq4g\ntiElpXscZKHU8ik1t02AtTOCmtsOKtpFY8zfu7EAcyeoRMvrhDdoZ3eHQws5939d\nv98IvanyDS8p/dI/5w1+a57kh0RTq0RSZYDgeIFWaCHgRdmvJQKCAQEA42GQIS9y\nuC/CySBptqtzc0CzwTA/LWemvoyE/EvS4tAsaZ1K6s1SF1wbE8iueW8I7mjB/iYU\nsKtGECBCRT+QNzJt9clffNYOi8zoj5ySi45XPIyh1EpCkRT3wJMQ4ZJdrXAH6ZO6\nwaLT7+6vZNWzZ7jgKcbcY4KVdv8NQpc9m8xaM29VbytRhT96SOSyQb+wfSqoaqY5\nW2icrnPIAtjTRY6GkGAzOW/fr6fl5FAHxU56Jxe32rIEKzwUTdnITBCahuIr2qdh\nJ23ShNhqEOqzbK1llYBQvO0WkVg0CGevQr5HFU/yTrTVYAEBEKtYwiYwEDBNoPAX\nzq63wz89BWlTzwKCAQAi1WxwII7OBUAYtG1iXXSXmJEo+NM0vHrhnGyOnydu9i3R\nRvQaBCgnDwqKfadUtcUPZjTB0AtXeAI60YD5GBUNB01w6D4OT2uNkGLhPjVspjHm\nWYIFZgN2+PX+TmYtOhzoaE2Yt/8+++ZDbPAls9VjnWMdMI+pUGTDTJAyAc2HJvzz\nADKgDdL+OVgKOTxnyryo8GPMnKPN+u+zZDYLoGdarioBMpnge7uYt1rr/gnv0Nui\nSPTahNNWf6t6heK1OtrZeRUm0/RTqeKRTYJUNEZB+ZmD4/69xRkbjDVqyxcBw1d5\nquosSOQs86qk9AzQHSpz1yaDkz3T1nk3UK219dehAoIBAQCNKQ5/a6N+sTfuAQ9f\n9kSwMmTl9HvkRksAVOBiePgtEyvfTWUrK9hg5C9zMs0OWl5jE+oLS7zgiRPwAvbh\nYrq3ablWM3PyXjmdlNJ0BbH8rZt+3ZfB4XA9/ZRpm2OJhoJdoAVpfuscN2f3tmhw\n4zKDnASeKvS7WmBMBb9HrfjzdgQxllals3DilivmgQQhSU3aBteTjiphkypiK0Lq\ncY2HyxnDG9XxPIDT3hociYqpdTTkfBcJ0CZCaQP56NAuWMh2IIc1MWBhSA6/plMC\nuZI2T9eW3phBEbdG+EklRqlJeDNNCdrV/fHRrg3pOVbbATYpdrNazHMbPuCad/H8\nIA2FAoIBACLznciphGcq2QZuu15YnWIbVvut0F8xKmncBUFqMOlqhbRZdRJm3qKI\n0a6w/Fa+eQUsIl4y5jK/ujCQFRLxZhpxpuyC9bXmUQHbyY8bVm8+RGMpmVapS8Kz\nRVN2GdieqktGfHMTDETR0Ef0yf73UEx+xp0B18/m7s2NAl5en3JtlMsI/cO7r8fv\nVJeXRYbeF3Al3A077Js3FzQ3JKUM79LkcG2VE4eR+frNzPzJVOHBkNkqTr+KduJM\n45Sxm5r5ga3bpxx/majkk4ZrNkc2ypzPj1gxYGzLbKwb/6Ts+7WoB4KZjsPXeX7P\naDAUhfysdAtuwmv0nyoSgC1bQ+ynmXw=\n-----END PRIVATE KEY-----\n",
            "public_key_fingerprint_md5": "35:ec:41:72:ed:53:1f:a0:34:fe:64:8f:b6:9b:e8:6d",
            "public_key_fingerprint_sha256": "SHA256:B/vcKwHhEwTTJAlRh+yOuu1O72L3zfPiUGD15Nf75hQ",
            "public_key_openssh": "ssh-rsa AAAAB3NzaC1yc2EAAAADAQABAAACAQC5r3ZnAidzzio+27X3oTTTnlgH5P13HyVAGxds6l3I9Ds53PAoxz9KcCi+jYJ1p6UciA7rWUzdZTQ1D2NThYACoF8zFiX19UJ8edk8Oe78qS9M2IoaAxfY5ziyUjHyicc+jpjN3GybW2du6+k5uEa594voJYI2I+lVF021dQQwoHy4mPIOUAyUZtbLM0FXl0yDAGv4zwfeYFOEL6Z8p3i+vq0Q7yhsaCTfrTg0X8LHaQW2Rf1NpKM7GeqxK+c1W128ABSfNtMAoDEsW+XNKTHnJ2POdexe7r9fBcNCcaLpHA0Nvsph/NCe+ivYUK5wzb0tZ+SmrM6I1A8fhwLYfR6o2PFQHE3gYMv6dVuYEQ5z3iPeRPgCocVBTngcCKlHkTQHoEKKPmfbGA0sIJqHIAWKtD6yooLugZck9he7ZJc9EJjZ57erVF5qeOclKAvv4XdwaRILrUNCN8gnhdmRHzS3WQIbTG18fOiDKWr30/uiwCHC3BpEzOkfxL0Yasym2icpCUrK5oSYrS/9QMQgZHDS952iah3nAoF4naD1Dqpg9o+dIISkvNrTVwbSBOo2E5UwIjuxFiDfMjJYkg2NEePxXTJatxiQE+qdt2OjoecW9Vkml/7mCt8gyq3Mij42EikFyLLZYzfVPvLZawYZ5jtGt+EFbFhxvsL6sNiDnfqd6w==\n",
            "public_key_pem": "-----BEGIN PUBLIC KEY-----\nMIICIjANBgkqhkiG9w0BAQEFAAOCAg8AMIICCgKCAgEAua92ZwInc84qPtu196E0\n055YB+T9dx8lQBsXbOpdyPQ7OdzwKMc/SnAovo2CdaelHIgO61lM3WU0NQ9jU4WA\nAqBfMxYl9fVCfHnZPDnu/KkvTNiKGgMX2Oc4slIx8onHPo6Yzdxsm1tnbuvpObhG\nufeL6CWCNiPpVRdNtXUEMKB8uJjyDlAMlGbWyzNBV5dMgwBr+M8H3mBThC+mfKd4\nvr6tEO8obGgk3604NF/Cx2kFtkX9TaSjOxnqsSvnNVtdvAAUnzbTAKAxLFvlzSkx\n5ydjznXsXu6/XwXDQnGi6RwNDb7KYfzQnvor2FCucM29LWfkpqzOiNQPH4cC2H0e\nqNjxUBxN4GDL+nVbmBEOc94j3kT4AqHFQU54HAipR5E0B6BCij5n2xgNLCCahyAF\nirQ+sqKC7oGXJPYXu2SXPRCY2ee3q1ReanjnJSgL7+F3cGkSC61DQjfIJ4XZkR80\nt1kCG0xtfHzogylq99P7osAhwtwaRMzpH8S9GGrMptonKQlKyuaEmK0v/UDEIGRw\n0vedomod5wKBeJ2g9Q6qYPaPnSCEpLza01cG0gTqNhOVMCI7sRYg3zIyWJINjRHj\n8V0yWrcYkBPqnbdjo6HnFvVZJpf+5grfIMqtzIo+NhIpBciy2WM31T7y2WsGGeY7\nRrfhBWxYcb7C+rDYg536nesCAwEAAQ==\n-----END PUBLIC KEY-----\n",
            "rsa_bits": 4096
          },
          "sensitive_attributes": []
        }
      ]
    },
    {
      "module": "module.mysql-db",
      "mode": "managed",
      "type": "aws_db_instance",
      "name": "wordpress_db",
      "provider": "provider[\"registry.terraform.io/hashicorp/aws\"]",
      "instances": [
        {
          "schema_version": 2,
          "attributes": {
            "address": "terraform-20240410183535672800000002.clef4o89czce.us-east-1.rds.amazonaws.com",
            "allocated_storage": 20,
            "allow_major_version_upgrade": null,
            "apply_immediately": false,
            "arn": "arn:aws:rds:us-east-1:320123189943:db:terraform-20240410183535672800000002",
            "auto_minor_version_upgrade": true,
            "availability_zone": "us-east-1c",
            "backup_retention_period": 0,
            "backup_target": "region",
            "backup_window": "04:26-04:56",
            "blue_green_update": [],
            "ca_cert_identifier": "rds-ca-rsa2048-g1",
            "character_set_name": "",
            "copy_tags_to_snapshot": false,
            "custom_iam_instance_profile": "",
            "customer_owned_ip_enabled": false,
            "db_name": "wordpress",
            "db_subnet_group_name": "default",
            "delete_automated_backups": true,
            "deletion_protection": false,
            "domain": "",
            "domain_auth_secret_arn": "",
            "domain_dns_ips": null,
            "domain_fqdn": "",
            "domain_iam_role_name": "",
            "domain_ou": "",
            "enabled_cloudwatch_logs_exports": null,
            "endpoint": "terraform-20240410183535672800000002.clef4o89czce.us-east-1.rds.amazonaws.com:3306",
            "engine": "mysql",
            "engine_version": "5.7",
            "engine_version_actual": "5.7.44",
            "final_snapshot_identifier": null,
            "hosted_zone_id": "Z2R2ITUGPM61AM",
            "iam_database_authentication_enabled": false,
            "id": "db-3A3IGST4GCTMUULZYNWYLYGCZE",
            "identifier": "terraform-20240410183535672800000002",
            "identifier_prefix": "terraform-",
            "instance_class": "db.t3.micro",
            "iops": 0,
            "kms_key_id": "",
            "latest_restorable_time": "",
            "license_model": "general-public-license",
            "listener_endpoint": [],
            "maintenance_window": "sat:07:03-sat:07:33",
            "manage_master_user_password": null,
            "master_user_secret": [],
            "master_user_secret_kms_key_id": null,
            "max_allocated_storage": 0,
            "monitoring_interval": 0,
            "monitoring_role_arn": "",
            "multi_az": false,
            "nchar_character_set_name": "",
            "network_type": "IPV4",
            "option_group_name": "default:mysql-5-7",
            "parameter_group_name": "default.mysql5.7",
            "password": "wordpress_password",
            "performance_insights_enabled": false,
            "performance_insights_kms_key_id": "",
            "performance_insights_retention_period": 0,
            "port": 3306,
            "publicly_accessible": false,
            "replica_mode": "",
            "replicas": [],
            "replicate_source_db": "",
            "resource_id": "db-3A3IGST4GCTMUULZYNWYLYGCZE",
            "restore_to_point_in_time": [],
            "s3_import": [],
            "skip_final_snapshot": true,
            "snapshot_identifier": null,
            "status": "available",
            "storage_encrypted": false,
            "storage_throughput": 0,
            "storage_type": "gp2",
            "tags": {
              "Name": "WordPress DB"
            },
            "tags_all": {
              "Name": "WordPress DB"
            },
            "timeouts": null,
            "timezone": "",
            "username": "wordpress_user",
            "vpc_security_group_ids": [
              "sg-0fcccea213d11d1e1"
            ]
          },
          "sensitive_attributes": [],
          "private": "eyJlMmJmYjczMC1lY2FhLTExZTYtOGY4OC0zNDM2M2JjN2M0YzAiOnsiY3JlYXRlIjoyNDAwMDAwMDAwMDAwLCJkZWxldGUiOjM2MDAwMDAwMDAwMDAsInVwZGF0ZSI6NDgwMDAwMDAwMDAwMH0sInNjaGVtYV92ZXJzaW9uIjoiMiJ9",
          "dependencies": [
            "module.mysql-db.aws_security_group.wordpress_db"
          ]
        }
      ]
    },
    {
      "module": "module.mysql-db",
      "mode": "managed",
      "type": "aws_security_group",
      "name": "wordpress_db",
      "provider": "provider[\"registry.terraform.io/hashicorp/aws\"]",
      "instances": [
        {
          "schema_version": 1,
          "attributes": {
            "arn": "arn:aws:ec2:us-east-1:320123189943:security-group/sg-0fcccea213d11d1e1",
            "description": "Managed by Terraform",
            "egress": [
              {
                "cidr_blocks": [
                  "0.0.0.0/0"
                ],
                "description": "",
                "from_port": 0,
                "ipv6_cidr_blocks": [],
                "prefix_list_ids": [],
                "protocol": "-1",
                "security_groups": [],
                "self": false,
                "to_port": 0
              }
            ],
            "id": "sg-0fcccea213d11d1e1",
            "ingress": [],
            "name": "wordpress-db-20240410183531311100000001",
            "name_prefix": "wordpress-db-",
            "owner_id": "320123189943",
            "revoke_rules_on_delete": false,
            "tags": null,
            "tags_all": {},
            "timeouts": null,
            "vpc_id": "vpc-0354ec9a50bdd3562"
          },
          "sensitive_attributes": [],
          "private": "eyJlMmJmYjczMC1lY2FhLTExZTYtOGY4OC0zNDM2M2JjN2M0YzAiOnsiY3JlYXRlIjo2MDAwMDAwMDAwMDAsImRlbGV0ZSI6OTAwMDAwMDAwMDAwfSwic2NoZW1hX3ZlcnNpb24iOiIxIn0="
        }
      ]
    },
    {
      "module": "module.mysql-db",
      "mode": "managed",
      "type": "aws_security_group_rule",
      "name": "wordpress_sg",
      "provider": "provider[\"registry.terraform.io/hashicorp/aws\"]",
      "instances": [
        {
          "schema_version": 2,
          "attributes": {
            "cidr_blocks": null,
            "description": null,
            "from_port": 3306,
            "id": "sgrule-663469978",
            "ipv6_cidr_blocks": null,
            "prefix_list_ids": null,
            "protocol": "tcp",
            "security_group_id": "sg-0d37bce40b94f8888",
            "security_group_rule_id": "sgr-066a6486ce1f0e22c",
            "self": false,
            "source_security_group_id": "sg-0fcccea213d11d1e1",
            "timeouts": null,
            "to_port": 3306,
            "type": "ingress"
          },
          "sensitive_attributes": [],
          "private": "eyJlMmJmYjczMC1lY2FhLTExZTYtOGY4OC0zNDM2M2JjN2M0YzAiOnsiY3JlYXRlIjozMDAwMDAwMDAwMDB9LCJzY2hlbWFfdmVyc2lvbiI6IjIifQ==",
          "dependencies": [
            "module.mysql-db.aws_security_group.wordpress_db",
            "module.wordpress-app.aws_security_group.allow_ssh_http"
          ]
        }
      ]
    },
    {
      "module": "module.wordpress-app",
      "mode": "managed",
      "type": "aws_eip",
      "name": "public_ip",
      "provider": "provider[\"registry.terraform.io/hashicorp/aws\"]",
      "instances": [
        {
          "schema_version": 0,
          "attributes": {
            "address": null,
            "allocation_id": "eipalloc-08a751d933d3ab558",
            "associate_with_private_ip": null,
            "association_id": "",
            "carrier_ip": "",
            "customer_owned_ip": "",
            "customer_owned_ipv4_pool": "",
            "domain": "vpc",
            "id": "eipalloc-08a751d933d3ab558",
            "instance": "",
            "network_border_group": "us-east-1",
            "network_interface": "",
            "private_dns": null,
            "private_ip": "",
            "public_dns": "ec2-54-205-221-115.compute-1.amazonaws.com",
            "public_ip": "54.205.221.115",
            "public_ipv4_pool": "amazon",
            "tags": null,
            "tags_all": {},
            "timeouts": null,
            "vpc": true
          },
          "sensitive_attributes": [],
          "private": "eyJlMmJmYjczMC1lY2FhLTExZTYtOGY4OC0zNDM2M2JjN2M0YzAiOnsiZGVsZXRlIjoxODAwMDAwMDAwMDAsInJlYWQiOjkwMDAwMDAwMDAwMCwidXBkYXRlIjozMDAwMDAwMDAwMDB9fQ=="
        }
      ]
    },
    {
      "module": "module.wordpress-app",
      "mode": "managed",
      "type": "aws_eip_association",
      "name": "app_server_association",
      "provider": "provider[\"registry.terraform.io/hashicorp/aws\"]",
      "instances": [
        {
          "schema_version": 0,
          "attributes": {
            "allocation_id": "eipalloc-08a751d933d3ab558",
            "allow_reassociation": null,
            "id": "eipassoc-0fc0bcd15bb7bfa1f",
            "instance_id": "i-0e31a5b452d8baf35",
            "network_interface_id": "eni-0f3c8e905fd13eac6",
            "private_ip_address": "172.31.91.130",
            "public_ip": "54.205.221.115"
          },
          "sensitive_attributes": [],
          "private": "bnVsbA==",
          "dependencies": [
            "aws_key_pair.ssh_key",
            "module.mysql-db.aws_db_instance.wordpress_db",
            "module.mysql-db.aws_security_group.wordpress_db",
            "module.wordpress-app.aws_eip.public_ip",
            "module.wordpress-app.aws_instance.wordpress-app",
            "module.wordpress-app.aws_security_group.allow_ssh_http",
            "tls_private_key.pv_key"
          ]
        }
      ]
    },
    {
      "module": "module.wordpress-app",
      "mode": "managed",
      "type": "aws_instance",
      "name": "wordpress-app",
      "provider": "provider[\"registry.terraform.io/hashicorp/aws\"]",
      "instances": [
        {
          "schema_version": 1,
          "attributes": {
            "ami": "ami-0a699202e5027c10d",
            "arn": "arn:aws:ec2:us-east-1:320123189943:instance/i-0e31a5b452d8baf35",
            "associate_public_ip_address": true,
            "availability_zone": "us-east-1a",
            "capacity_reservation_specification": [
              {
                "capacity_reservation_preference": "open",
                "capacity_reservation_target": []
              }
            ],
            "cpu_core_count": 1,
            "cpu_options": [
              {
                "amd_sev_snp": "",
                "core_count": 1,
                "threads_per_core": 2
              }
            ],
            "cpu_threads_per_core": 2,
            "credit_specification": [
              {
                "cpu_credits": "unlimited"
              }
            ],
            "disable_api_stop": false,
            "disable_api_termination": false,
            "ebs_block_device": [],
            "ebs_optimized": false,
            "enclave_options": [
              {
                "enabled": false
              }
            ],
            "ephemeral_block_device": [],
            "get_password_data": false,
            "hibernation": false,
            "host_id": "",
            "host_resource_group_arn": null,
            "iam_instance_profile": "",
            "id": "i-0e31a5b452d8baf35",
            "instance_initiated_shutdown_behavior": "stop",
            "instance_lifecycle": "",
            "instance_market_options": [],
            "instance_state": "running",
            "instance_type": "t3.small",
            "ipv6_address_count": 0,
            "ipv6_addresses": [],
            "key_name": "wordpress-key-pair",
            "launch_template": [],
            "maintenance_options": [
              {
                "auto_recovery": "default"
              }
            ],
            "metadata_options": [
              {
                "http_endpoint": "enabled",
                "http_protocol_ipv6": "disabled",
                "http_put_response_hop_limit": 1,
                "http_tokens": "optional",
                "instance_metadata_tags": "disabled"
              }
            ],
            "monitoring": false,
            "network_interface": [],
            "outpost_arn": "",
            "password_data": "",
            "placement_group": "",
            "placement_partition_number": 0,
            "primary_network_interface_id": "eni-0f3c8e905fd13eac6",
            "private_dns": "ip-172-31-91-130.ec2.internal",
            "private_dns_name_options": [
              {
                "enable_resource_name_dns_a_record": false,
                "enable_resource_name_dns_aaaa_record": false,
                "hostname_type": "ip-name"
              }
            ],
            "private_ip": "172.31.91.130",
            "public_dns": "ec2-44-211-133-140.compute-1.amazonaws.com",
            "public_ip": "44.211.133.140",
            "root_block_device": [
              {
                "delete_on_termination": true,
                "device_name": "/dev/xvda",
                "encrypted": false,
                "iops": 100,
                "kms_key_id": "",
                "tags": {},
                "tags_all": {},
                "throughput": 0,
                "volume_id": "vol-012d40397427e8a01",
                "volume_size": 8,
                "volume_type": "gp2"
              }
            ],
            "secondary_private_ips": [],
            "security_groups": [
              "allow_ssh_http"
            ],
            "source_dest_check": true,
            "spot_instance_request_id": "",
            "subnet_id": "subnet-0e1736b46d2de03c0",
            "tags": {
              "Name": "wordpress-app-us-east-1"
            },
            "tags_all": {
              "Name": "wordpress-app-us-east-1"
            },
            "tenancy": "default",
            "timeouts": null,
            "user_data": "cc355eb38c384663bcf65237e07d6cb1e3e095aa",
            "user_data_base64": null,
            "user_data_replace_on_change": false,
            "volume_tags": null,
            "vpc_security_group_ids": [
              "sg-0d37bce40b94f8888"
            ]
          },
          "sensitive_attributes": [
            [
              {
                "type": "get_attr",
                "value": "user_data"
              }
            ]
          ],
          "private": "eyJlMmJmYjczMC1lY2FhLTExZTYtOGY4OC0zNDM2M2JjN2M0YzAiOnsiY3JlYXRlIjo2MDAwMDAwMDAwMDAsImRlbGV0ZSI6MTIwMDAwMDAwMDAwMCwicmVhZCI6OTAwMDAwMDAwMDAwLCJ1cGRhdGUiOjYwMDAwMDAwMDAwMH0sInNjaGVtYV92ZXJzaW9uIjoiMSJ9",
          "dependencies": [
            "aws_key_pair.ssh_key",
            "module.mysql-db.aws_db_instance.wordpress_db",
            "module.mysql-db.aws_security_group.wordpress_db",
            "module.wordpress-app.aws_security_group.allow_ssh_http",
            "tls_private_key.pv_key"
          ]
        }
      ]
    },
    {
      "module": "module.wordpress-app",
      "mode": "managed",
      "type": "aws_security_group",
      "name": "allow_ssh_http",
      "provider": "provider[\"registry.terraform.io/hashicorp/aws\"]",
      "instances": [
        {
          "schema_version": 1,
          "attributes": {
            "arn": "arn:aws:ec2:us-east-1:320123189943:security-group/sg-0d37bce40b94f8888",
            "description": "Managed by Terraform",
            "egress": [
              {
                "cidr_blocks": [
                  "0.0.0.0/0"
                ],
                "description": "",
                "from_port": 0,
                "ipv6_cidr_blocks": [],
                "prefix_list_ids": [],
                "protocol": "-1",
                "security_groups": [],
                "self": false,
                "to_port": 0
              }
            ],
            "id": "sg-0d37bce40b94f8888",
            "ingress": [
              {
                "cidr_blocks": [
                  "0.0.0.0/0"
                ],
                "description": "",
                "from_port": 22,
                "ipv6_cidr_blocks": [],
                "prefix_list_ids": [],
                "protocol": "tcp",
                "security_groups": [],
                "self": false,
                "to_port": 22
              },
              {
                "cidr_blocks": [
                  "0.0.0.0/0"
                ],
                "description": "",
                "from_port": 80,
                "ipv6_cidr_blocks": [],
                "prefix_list_ids": [],
                "protocol": "tcp",
                "security_groups": [],
                "self": false,
                "to_port": 80
              }
            ],
            "name": "allow_ssh_http",
            "name_prefix": "",
            "owner_id": "320123189943",
            "revoke_rules_on_delete": false,
            "tags": null,
            "tags_all": {},
            "timeouts": null,
            "vpc_id": "vpc-0354ec9a50bdd3562"
          },
          "sensitive_attributes": [],
          "private": "eyJlMmJmYjczMC1lY2FhLTExZTYtOGY4OC0zNDM2M2JjN2M0YzAiOnsiY3JlYXRlIjo2MDAwMDAwMDAwMDAsImRlbGV0ZSI6OTAwMDAwMDAwMDAwfSwic2NoZW1hX3ZlcnNpb24iOiIxIn0="
        }
      ]
    },
    {
      "module": "module.wordpress-app",
      "mode": "managed",
      "type": "aws_security_group_rule",
      "name": "allow_db",
      "provider": "provider[\"registry.terraform.io/hashicorp/aws\"]",
      "instances": [
        {
          "schema_version": 2,
          "attributes": {
            "cidr_blocks": null,
            "description": null,
            "from_port": 3306,
            "id": "sgrule-440554032",
            "ipv6_cidr_blocks": null,
            "prefix_list_ids": null,
            "protocol": "tcp",
            "security_group_id": "sg-0fcccea213d11d1e1",
            "security_group_rule_id": "sgr-073f88312b3a9b861",
            "self": false,
            "source_security_group_id": "sg-0d37bce40b94f8888",
            "timeouts": null,
            "to_port": 3306,
            "type": "ingress"
          },
          "sensitive_attributes": [],
          "private": "eyJlMmJmYjczMC1lY2FhLTExZTYtOGY4OC0zNDM2M2JjN2M0YzAiOnsiY3JlYXRlIjozMDAwMDAwMDAwMDB9LCJzY2hlbWFfdmVyc2lvbiI6IjIifQ==",
          "dependencies": [
            "module.mysql-db.aws_security_group.wordpress_db",
            "module.wordpress-app.aws_security_group.allow_ssh_http"
          ]
        }
      ]
    }
  ],
  "check_results": null
}
